
Microsoft Visual Studio Solution File, Format Version 12.00
# Visual Studio Version 16
VisualStudioVersion = 16.0.28917.181
MinimumVisualStudioVersion = 10.0.40219.1
Project("{FAE04EC0-301F-11D3-BF4B-00C04F79EFBC}") = "Lab8", "Lab8\Lab8.csproj", "{8449097C-A764-44F3-83EA-D3285486DAC2}"
EndProject
Global
	GlobalSection(SolutionConfigurationPlatforms) = preSolution
		Debug|Any CPU = Debug|Any CPU
		Release|Any CPU = Release|Any CPU
	EndGlobalSection
	GlobalSection(ProjectConfigurationPlatforms) = postSolution
		{8449097C-A764-44F3-83EA-D3285486DAC2}.Debug|Any CPU.ActiveCfg = Debug|Any CPU
		{8449097C-A764-44F3-83EA-D3285486DAC2}.Debug|Any CPU.Build.0 = Debug|Any CPU
		{8449097C-A764-44F3-83EA-D3285486DAC2}.Release|Any CPU.ActiveCfg = Release|Any CPU
		{8449097C-A764-44F3-83EA-D3285486DAC2}.Release|Any CPU.Build.0 = Release|Any CPU
	EndGlobalSection
	GlobalSection(SolutionProperties) = preSolution
		HideSolutionNode = FALSE
	EndGlobalSection
	GlobalSection(ExtensibilityGlobals) = postSolution
		SolutionGuid = {1AC6C5EB-DD23-4705-B745-D4362B68B405}
	EndGlobalSection
EndGlobal
